{
  "name": "omniverse-nft-ethereum",
  "version": "1.0.0",
  "lockfileVersion": 1,
  "requires": true,
  "dependencies": {
    "@hthuang/contracts": {
      "version": "0.2.0",
      "resolved": "https://registry.npmjs.org/@hthuang/contracts/-/contracts-0.2.0.tgz",
      "integrity": "sha512-Ls55DYHMy4+v1x6gz+uaSVsjMQkf8K5kLFu5unl2070oy7OMRFi7QbXT3yfGYjOvX6S4doMljeHD29Ko3cDC7A=="
    },
    "@openzeppelin/contracts": {
      "version": "4.7.3",
      "resolved": "https://registry.npmjs.org/@openzeppelin/contracts/-/contracts-4.7.3.tgz",
      "integrity": "sha512-dGRS0agJzu8ybo44pCIf3xBaPQN/65AIXNgK8+4gzKd5kbvlqyxryUYVLJv7fK98Seyd2hDZzVEHSWAh0Bt1Yw=="
    }
  }
}
