{
  "name": "omniverse-nft-ethereum",
  "version": "1.0.0",
  "lockfileVersion": 1,
  "requires": true,
  "dependencies": {
    "@hthuang/contracts": {
      "version": "0.2.3",
      "resolved": "https://registry.npmjs.org/@hthuang/contracts/-/contracts-0.2.3.tgz",
      "integrity": "sha512-DFZRbKEc+WDSrmpDW1s8ebVj2bIM0uPD0x2aggXFwNC3D+7be5jrQHQ3Nzp0fzzsqCJUWN56/R8b+DxG4weCNQ=="
    },
    "@openzeppelin/contracts": {
      "version": "4.7.3",
      "resolved": "https://registry.npmjs.org/@openzeppelin/contracts/-/contracts-4.7.3.tgz",
      "integrity": "sha512-dGRS0agJzu8ybo44pCIf3xBaPQN/65AIXNgK8+4gzKd5kbvlqyxryUYVLJv7fK98Seyd2hDZzVEHSWAh0Bt1Yw=="
    }
  }
}
